
Microsoft Visual Studio Solution File, Format Version 12.00
# Visual Studio 15
VisualStudioVersion = 15.0.28010.2026
MinimumVisualStudioVersion = 10.0.40219.1
Project("{FAE04EC0-301F-11D3-BF4B-00C04F79EFBC}") = "1-Interface", "1-Interface\1-Interface.csproj", "{A7839C96-D318-458A-A381-B35CB6A9B053}"
EndProject
Global
	GlobalSection(SolutionConfigurationPlatforms) = preSolution
		Debug|Any CPU = Debug|Any CPU
		Release|Any CPU = Release|Any CPU
	EndGlobalSection
	GlobalSection(ProjectConfigurationPlatforms) = postSolution
		{A7839C96-D318-458A-A381-B35CB6A9B053}.Debug|Any CPU.ActiveCfg = Debug|Any CPU
		{A7839C96-D318-458A-A381-B35CB6A9B053}.Debug|Any CPU.Build.0 = Debug|Any CPU
		{A7839C96-D318-458A-A381-B35CB6A9B053}.Release|Any CPU.ActiveCfg = Release|Any CPU
		{A7839C96-D318-458A-A381-B35CB6A9B053}.Release|Any CPU.Build.0 = Release|Any CPU
	EndGlobalSection
	GlobalSection(SolutionProperties) = preSolution
		HideSolutionNode = FALSE
	EndGlobalSection
	GlobalSection(ExtensibilityGlobals) = postSolution
		SolutionGuid = {EEB51665-FD95-45E3-B916-F2D50EFCB394}
	EndGlobalSection
EndGlobal
